// !$*UTF8*$!
{
	archiveVersion = 1;
	classes = {
	};
	objectVersion = 55;
	objects = {

/* Begin PBXBuildFile section */
		8151D2D128C7486A00DEC3FB /* AtheletesApp.swift in Sources */ = {isa = PBXBuildFile; fileRef = 8151D2D028C7486A00DEC3FB /* AtheletesApp.swift */; };
		8151D2D328C7486A00DEC3FB /* ContentView.swift in Sources */ = {isa = PBXBuildFile; fileRef = 8151D2D228C7486A00DEC3FB /* ContentView.swift */; };
		8151D2D528C7486F00DEC3FB /* Assets.xcassets in Resources */ = {isa = PBXBuildFile; fileRef = 8151D2D428C7486F00DEC3FB /* Assets.xcassets */; };
		8151D2D828C7486F00DEC3FB /* Preview Assets.xcassets in Resources */ = {isa = PBXBuildFile; fileRef = 8151D2D728C7486F00DEC3FB /* Preview Assets.xcassets */; };
		8151D2E228C7486F00DEC3FB /* AtheletesTests.swift in Sources */ = {isa = PBXBuildFile; fileRef = 8151D2E128C7486F00DEC3FB /* AtheletesTests.swift */; };
		8151D2EC28C7486F00DEC3FB /* AtheletesUITests.swift in Sources */ = {isa = PBXBuildFile; fileRef = 8151D2EB28C7486F00DEC3FB /* AtheletesUITests.swift */; };
		8151D2EE28C7486F00DEC3FB /* AtheletesUITestsLaunchTests.swift in Sources */ = {isa = PBXBuildFile; fileRef = 8151D2ED28C7486F00DEC3FB /* AtheletesUITestsLaunchTests.swift */; };
		8151D2FB28C752E000DEC3FB /* LoginView.swift in Sources */ = {isa = PBXBuildFile; fileRef = 8151D2FA28C752E000DEC3FB /* LoginView.swift */; };
		8151D2FD28C7574900DEC3FB /* LoginViewModel.swift in Sources */ = {isa = PBXBuildFile; fileRef = 8151D2FC28C7574900DEC3FB /* LoginViewModel.swift */; };
		8151D2FF28C7592900DEC3FB /* PasswordField.swift in Sources */ = {isa = PBXBuildFile; fileRef = 8151D2FE28C7592900DEC3FB /* PasswordField.swift */; };
		8151D30328C7FAF200DEC3FB /* UserNameField.swift in Sources */ = {isa = PBXBuildFile; fileRef = 8151D30228C7FAF200DEC3FB /* UserNameField.swift */; };
		8151D30628C7FDE100DEC3FB /* AthletesView.swift in Sources */ = {isa = PBXBuildFile; fileRef = 8151D30528C7FDE100DEC3FB /* AthletesView.swift */; };
		8151D30C28C8FD2F00DEC3FB /* AtheleteCardView.swift in Sources */ = {isa = PBXBuildFile; fileRef = 8151D30B28C8FD2F00DEC3FB /* AtheleteCardView.swift */; };
		8151D30E28C90E5700DEC3FB /* NetworkService.swift in Sources */ = {isa = PBXBuildFile; fileRef = 8151D30D28C90E5700DEC3FB /* NetworkService.swift */; };
		8151D31028C90EBD00DEC3FB /* Request.swift in Sources */ = {isa = PBXBuildFile; fileRef = 8151D30F28C90EBD00DEC3FB /* Request.swift */; };
		8151D31228C911D900DEC3FB /* HTTPMethod.swift in Sources */ = {isa = PBXBuildFile; fileRef = 8151D31128C911D900DEC3FB /* HTTPMethod.swift */; };
		8151D31428C9178800DEC3FB /* RequestError.swift in Sources */ = {isa = PBXBuildFile; fileRef = 8151D31328C9178800DEC3FB /* RequestError.swift */; };
		8151D31728C9202B00DEC3FB /* URL+Extension.swift in Sources */ = {isa = PBXBuildFile; fileRef = 8151D31628C9202B00DEC3FB /* URL+Extension.swift */; };
		8151D31928C9207E00DEC3FB /* APIConstants.swift in Sources */ = {isa = PBXBuildFile; fileRef = 8151D31828C9207E00DEC3FB /* APIConstants.swift */; };
		8151D31D28C9222C00DEC3FB /* User.swift in Sources */ = {isa = PBXBuildFile; fileRef = 8151D31C28C9222C00DEC3FB /* User.swift */; };
		8151D31F28C922B200DEC3FB /* Requests.swift in Sources */ = {isa = PBXBuildFile; fileRef = 8151D31E28C922B200DEC3FB /* Requests.swift */; };
		8151D32128C9246F00DEC3FB /* AthleteDetail.swift in Sources */ = {isa = PBXBuildFile; fileRef = 8151D32028C9246F00DEC3FB /* AthleteDetail.swift */; };
		8151D32328C9278600DEC3FB /* SessionStorage.swift in Sources */ = {isa = PBXBuildFile; fileRef = 8151D32228C9278600DEC3FB /* SessionStorage.swift */; };
		8151D32628C928CB00DEC3FB /* SwiftKeychainWrapper in Frameworks */ = {isa = PBXBuildFile; productRef = 8151D32528C928CB00DEC3FB /* SwiftKeychainWrapper */; };
		8151D32828C929E600DEC3FB /* AppState.swift in Sources */ = {isa = PBXBuildFile; fileRef = 8151D32728C929E600DEC3FB /* AppState.swift */; };
		8151D32A28C92A7900DEC3FB /* AuthenticationService.swift in Sources */ = {isa = PBXBuildFile; fileRef = 8151D32928C92A7900DEC3FB /* AuthenticationService.swift */; };
		8151D32C28C9303800DEC3FB /* ViewModelFactory.swift in Sources */ = {isa = PBXBuildFile; fileRef = 8151D32B28C9303800DEC3FB /* ViewModelFactory.swift */; };
		81A5A77E28C93ED0003EC692 /* LoginButton.swift in Sources */ = {isa = PBXBuildFile; fileRef = 81A5A77D28C93ED0003EC692 /* LoginButton.swift */; };
		81A5A78028C94B34003EC692 /* AppColor.swift in Sources */ = {isa = PBXBuildFile; fileRef = 81A5A77F28C94B34003EC692 /* AppColor.swift */; };
/* End PBXBuildFile section */

/* Begin PBXContainerItemProxy section */
		8151D2DE28C7486F00DEC3FB /* PBXContainerItemProxy */ = {
			isa = PBXContainerItemProxy;
			containerPortal = 8151D2C528C7486A00DEC3FB /* Project object */;
			proxyType = 1;
			remoteGlobalIDString = 8151D2CC28C7486A00DEC3FB;
			remoteInfo = Atheletes;
		};
		8151D2E828C7486F00DEC3FB /* PBXContainerItemProxy */ = {
			isa = PBXContainerItemProxy;
			containerPortal = 8151D2C528C7486A00DEC3FB /* Project object */;
			proxyType = 1;
			remoteGlobalIDString = 8151D2CC28C7486A00DEC3FB;
			remoteInfo = Atheletes;
		};
/* End PBXContainerItemProxy section */

/* Begin PBXFileReference section */
		8151D2CD28C7486A00DEC3FB /* Atheletes.app */ = {isa = PBXFileReference; explicitFileType = wrapper.application; includeInIndex = 0; path = Atheletes.app; sourceTree = BUILT_PRODUCTS_DIR; };
		8151D2D028C7486A00DEC3FB /* AtheletesApp.swift */ = {isa = PBXFileReference; lastKnownFileType = sourcecode.swift; path = AtheletesApp.swift; sourceTree = "<group>"; };
		8151D2D228C7486A00DEC3FB /* ContentView.swift */ = {isa = PBXFileReference; lastKnownFileType = sourcecode.swift; path = ContentView.swift; sourceTree = "<group>"; };
		8151D2D428C7486F00DEC3FB /* Assets.xcassets */ = {isa = PBXFileReference; lastKnownFileType = folder.assetcatalog; path = Assets.xcassets; sourceTree = "<group>"; };
		8151D2D728C7486F00DEC3FB /* Preview Assets.xcassets */ = {isa = PBXFileReference; lastKnownFileType = folder.assetcatalog; path = "Preview Assets.xcassets"; sourceTree = "<group>"; };
		8151D2DD28C7486F00DEC3FB /* AtheletesTests.xctest */ = {isa = PBXFileReference; explicitFileType = wrapper.cfbundle; includeInIndex = 0; path = AtheletesTests.xctest; sourceTree = BUILT_PRODUCTS_DIR; };
		8151D2E128C7486F00DEC3FB /* AtheletesTests.swift */ = {isa = PBXFileReference; lastKnownFileType = sourcecode.swift; path = AtheletesTests.swift; sourceTree = "<group>"; };
		8151D2E728C7486F00DEC3FB /* AtheletesUITests.xctest */ = {isa = PBXFileReference; explicitFileType = wrapper.cfbundle; includeInIndex = 0; path = AtheletesUITests.xctest; sourceTree = BUILT_PRODUCTS_DIR; };
		8151D2EB28C7486F00DEC3FB /* AtheletesUITests.swift */ = {isa = PBXFileReference; lastKnownFileType = sourcecode.swift; path = AtheletesUITests.swift; sourceTree = "<group>"; };
		8151D2ED28C7486F00DEC3FB /* AtheletesUITestsLaunchTests.swift */ = {isa = PBXFileReference; lastKnownFileType = sourcecode.swift; path = AtheletesUITestsLaunchTests.swift; sourceTree = "<group>"; };
		8151D2FA28C752E000DEC3FB /* LoginView.swift */ = {isa = PBXFileReference; lastKnownFileType = sourcecode.swift; path = LoginView.swift; sourceTree = "<group>"; };
		8151D2FC28C7574900DEC3FB /* LoginViewModel.swift */ = {isa = PBXFileReference; lastKnownFileType = sourcecode.swift; path = LoginViewModel.swift; sourceTree = "<group>"; };
		8151D2FE28C7592900DEC3FB /* PasswordField.swift */ = {isa = PBXFileReference; lastKnownFileType = sourcecode.swift; path = PasswordField.swift; sourceTree = "<group>"; };
		8151D30228C7FAF200DEC3FB /* UserNameField.swift */ = {isa = PBXFileReference; lastKnownFileType = sourcecode.swift; path = UserNameField.swift; sourceTree = "<group>"; };
		8151D30528C7FDE100DEC3FB /* AthletesView.swift */ = {isa = PBXFileReference; lastKnownFileType = sourcecode.swift; path = AthletesView.swift; sourceTree = "<group>"; };
		8151D30B28C8FD2F00DEC3FB /* AtheleteCardView.swift */ = {isa = PBXFileReference; lastKnownFileType = sourcecode.swift; path = AtheleteCardView.swift; sourceTree = "<group>"; };
		8151D30D28C90E5700DEC3FB /* NetworkService.swift */ = {isa = PBXFileReference; lastKnownFileType = sourcecode.swift; path = NetworkService.swift; sourceTree = "<group>"; };
		8151D30F28C90EBD00DEC3FB /* Request.swift */ = {isa = PBXFileReference; lastKnownFileType = sourcecode.swift; path = Request.swift; sourceTree = "<group>"; };
		8151D31128C911D900DEC3FB /* HTTPMethod.swift */ = {isa = PBXFileReference; lastKnownFileType = sourcecode.swift; path = HTTPMethod.swift; sourceTree = "<group>"; };
		8151D31328C9178800DEC3FB /* RequestError.swift */ = {isa = PBXFileReference; lastKnownFileType = sourcecode.swift; path = RequestError.swift; sourceTree = "<group>"; };
		8151D31628C9202B00DEC3FB /* URL+Extension.swift */ = {isa = PBXFileReference; lastKnownFileType = sourcecode.swift; path = "URL+Extension.swift"; sourceTree = "<group>"; };
		8151D31828C9207E00DEC3FB /* APIConstants.swift */ = {isa = PBXFileReference; lastKnownFileType = sourcecode.swift; path = APIConstants.swift; sourceTree = "<group>"; };
		8151D31C28C9222C00DEC3FB /* User.swift */ = {isa = PBXFileReference; lastKnownFileType = sourcecode.swift; path = User.swift; sourceTree = "<group>"; };
		8151D31E28C922B200DEC3FB /* Requests.swift */ = {isa = PBXFileReference; lastKnownFileType = sourcecode.swift; path = Requests.swift; sourceTree = "<group>"; };
		8151D32028C9246F00DEC3FB /* AthleteDetail.swift */ = {isa = PBXFileReference; lastKnownFileType = sourcecode.swift; path = AthleteDetail.swift; sourceTree = "<group>"; };
		8151D32228C9278600DEC3FB /* SessionStorage.swift */ = {isa = PBXFileReference; lastKnownFileType = sourcecode.swift; path = SessionStorage.swift; sourceTree = "<group>"; };
		8151D32728C929E600DEC3FB /* AppState.swift */ = {isa = PBXFileReference; lastKnownFileType = sourcecode.swift; path = AppState.swift; sourceTree = "<group>"; };
		8151D32928C92A7900DEC3FB /* AuthenticationService.swift */ = {isa = PBXFileReference; lastKnownFileType = sourcecode.swift; path = AuthenticationService.swift; sourceTree = "<group>"; };
		8151D32B28C9303800DEC3FB /* ViewModelFactory.swift */ = {isa = PBXFileReference; lastKnownFileType = sourcecode.swift; path = ViewModelFactory.swift; sourceTree = "<group>"; };
		81A5A77D28C93ED0003EC692 /* LoginButton.swift */ = {isa = PBXFileReference; lastKnownFileType = sourcecode.swift; path = LoginButton.swift; sourceTree = "<group>"; };
		81A5A77F28C94B34003EC692 /* AppColor.swift */ = {isa = PBXFileReference; lastKnownFileType = sourcecode.swift; path = AppColor.swift; sourceTree = "<group>"; };
/* End PBXFileReference section */

/* Begin PBXFrameworksBuildPhase section */
		8151D2CA28C7486A00DEC3FB /* Frameworks */ = {
			isa = PBXFrameworksBuildPhase;
			buildActionMask = 2147483647;
			files = (
				8151D32628C928CB00DEC3FB /* SwiftKeychainWrapper in Frameworks */,
			);
			runOnlyForDeploymentPostprocessing = 0;
		};
		8151D2DA28C7486F00DEC3FB /* Frameworks */ = {
			isa = PBXFrameworksBuildPhase;
			buildActionMask = 2147483647;
			files = (
			);
			runOnlyForDeploymentPostprocessing = 0;
		};
		8151D2E428C7486F00DEC3FB /* Frameworks */ = {
			isa = PBXFrameworksBuildPhase;
			buildActionMask = 2147483647;
			files = (
			);
			runOnlyForDeploymentPostprocessing = 0;
		};
/* End PBXFrameworksBuildPhase section */

/* Begin PBXGroup section */
		8151D2C428C7486A00DEC3FB = {
			isa = PBXGroup;
			children = (
				8151D2CF28C7486A00DEC3FB /* Atheletes */,
				8151D2E028C7486F00DEC3FB /* AtheletesTests */,
				8151D2EA28C7486F00DEC3FB /* AtheletesUITests */,
				8151D2CE28C7486A00DEC3FB /* Products */,
			);
			sourceTree = "<group>";
		};
		8151D2CE28C7486A00DEC3FB /* Products */ = {
			isa = PBXGroup;
			children = (
				8151D2CD28C7486A00DEC3FB /* Atheletes.app */,
				8151D2DD28C7486F00DEC3FB /* AtheletesTests.xctest */,
				8151D2E728C7486F00DEC3FB /* AtheletesUITests.xctest */,
			);
			name = Products;
			sourceTree = "<group>";
		};
		8151D2CF28C7486A00DEC3FB /* Atheletes */ = {
			isa = PBXGroup;
			children = (
				8151D2D028C7486A00DEC3FB /* AtheletesApp.swift */,
				8151D2D228C7486A00DEC3FB /* ContentView.swift */,
				8151D31628C9202B00DEC3FB /* URL+Extension.swift */,
				8151D31828C9207E00DEC3FB /* APIConstants.swift */,
				8151D31E28C922B200DEC3FB /* Requests.swift */,
				8151D32228C9278600DEC3FB /* SessionStorage.swift */,
				8151D32728C929E600DEC3FB /* AppState.swift */,
				81A5A77F28C94B34003EC692 /* AppColor.swift */,
				8151D32B28C9303800DEC3FB /* ViewModelFactory.swift */,
				8151D31528C91F2B00DEC3FB /* NetworkService */,
				8151D30728C8E27700DEC3FB /* LoginView */,
				8151D30428C7FDAA00DEC3FB /* Athletes */,
				8151D2D428C7486F00DEC3FB /* Assets.xcassets */,
				8151D2D628C7486F00DEC3FB /* Preview Content */,
			);
			path = Atheletes;
			sourceTree = "<group>";
		};
		8151D2D628C7486F00DEC3FB /* Preview Content */ = {
			isa = PBXGroup;
			children = (
				8151D2D728C7486F00DEC3FB /* Preview Assets.xcassets */,
			);
			path = "Preview Content";
			sourceTree = "<group>";
		};
		8151D2E028C7486F00DEC3FB /* AtheletesTests */ = {
			isa = PBXGroup;
			children = (
				8151D2E128C7486F00DEC3FB /* AtheletesTests.swift */,
			);
			path = AtheletesTests;
			sourceTree = "<group>";
		};
		8151D2EA28C7486F00DEC3FB /* AtheletesUITests */ = {
			isa = PBXGroup;
			children = (
				8151D2EB28C7486F00DEC3FB /* AtheletesUITests.swift */,
				8151D2ED28C7486F00DEC3FB /* AtheletesUITestsLaunchTests.swift */,
			);
			path = AtheletesUITests;
			sourceTree = "<group>";
		};
		8151D30428C7FDAA00DEC3FB /* Athletes */ = {
			isa = PBXGroup;
			children = (
				8151D30528C7FDE100DEC3FB /* AthletesView.swift */,
				8151D30B28C8FD2F00DEC3FB /* AtheleteCardView.swift */,
				8151D32028C9246F00DEC3FB /* AthleteDetail.swift */,
			);
			path = Athletes;
			sourceTree = "<group>";
		};
		8151D30728C8E27700DEC3FB /* LoginView */ = {
			isa = PBXGroup;
			children = (
				8151D2FA28C752E000DEC3FB /* LoginView.swift */,
				8151D31B28C9220B00DEC3FB /* ViewModel */,
				8151D31A28C921FA00DEC3FB /* Model */,
				8151D30828C8FBDB00DEC3FB /* View */,
			);
			path = LoginView;
			sourceTree = "<group>";
		};
		8151D30828C8FBDB00DEC3FB /* View */ = {
			isa = PBXGroup;
			children = (
				8151D2FE28C7592900DEC3FB /* PasswordField.swift */,
				8151D30228C7FAF200DEC3FB /* UserNameField.swift */,
				81A5A77D28C93ED0003EC692 /* LoginButton.swift */,
			);
			path = View;
			sourceTree = "<group>";
		};
		8151D31528C91F2B00DEC3FB /* NetworkService */ = {
			isa = PBXGroup;
			children = (
				8151D30D28C90E5700DEC3FB /* NetworkService.swift */,
				8151D30F28C90EBD00DEC3FB /* Request.swift */,
				8151D31328C9178800DEC3FB /* RequestError.swift */,
				8151D31128C911D900DEC3FB /* HTTPMethod.swift */,
			);
			path = NetworkService;
			sourceTree = "<group>";
		};
		8151D31A28C921FA00DEC3FB /* Model */ = {
			isa = PBXGroup;
			children = (
				8151D31C28C9222C00DEC3FB /* User.swift */,
			);
			path = Model;
			sourceTree = "<group>";
		};
		8151D31B28C9220B00DEC3FB /* ViewModel */ = {
			isa = PBXGroup;
			children = (
				8151D2FC28C7574900DEC3FB /* LoginViewModel.swift */,
				8151D32928C92A7900DEC3FB /* AuthenticationService.swift */,
			);
			path = ViewModel;
			sourceTree = "<group>";
		};
/* End PBXGroup section */

/* Begin PBXNativeTarget section */
		8151D2CC28C7486A00DEC3FB /* Atheletes */ = {
			isa = PBXNativeTarget;
			buildConfigurationList = 8151D2F128C7486F00DEC3FB /* Build configuration list for PBXNativeTarget "Atheletes" */;
			buildPhases = (
				8151D2C928C7486A00DEC3FB /* Sources */,
				8151D2CA28C7486A00DEC3FB /* Frameworks */,
				8151D2CB28C7486A00DEC3FB /* Resources */,
			);
			buildRules = (
			);
			dependencies = (
			);
			name = Atheletes;
			packageProductDependencies = (
				8151D32528C928CB00DEC3FB /* SwiftKeychainWrapper */,
			);
			productName = Atheletes;
			productReference = 8151D2CD28C7486A00DEC3FB /* Atheletes.app */;
			productType = "com.apple.product-type.application";
		};
		8151D2DC28C7486F00DEC3FB /* AtheletesTests */ = {
			isa = PBXNativeTarget;
			buildConfigurationList = 8151D2F428C7486F00DEC3FB /* Build configuration list for PBXNativeTarget "AtheletesTests" */;
			buildPhases = (
				8151D2D928C7486F00DEC3FB /* Sources */,
				8151D2DA28C7486F00DEC3FB /* Frameworks */,
				8151D2DB28C7486F00DEC3FB /* Resources */,
			);
			buildRules = (
			);
			dependencies = (
				8151D2DF28C7486F00DEC3FB /* PBXTargetDependency */,
			);
			name = AtheletesTests;
			productName = AtheletesTests;
			productReference = 8151D2DD28C7486F00DEC3FB /* AtheletesTests.xctest */;
			productType = "com.apple.product-type.bundle.unit-test";
		};
		8151D2E628C7486F00DEC3FB /* AtheletesUITests */ = {
			isa = PBXNativeTarget;
			buildConfigurationList = 8151D2F728C7486F00DEC3FB /* Build configuration list for PBXNativeTarget "AtheletesUITests" */;
			buildPhases = (
				8151D2E328C7486F00DEC3FB /* Sources */,
				8151D2E428C7486F00DEC3FB /* Frameworks */,
				8151D2E528C7486F00DEC3FB /* Resources */,
			);
			buildRules = (
			);
			dependencies = (
				8151D2E928C7486F00DEC3FB /* PBXTargetDependency */,
			);
			name = AtheletesUITests;
			productName = AtheletesUITests;
			productReference = 8151D2E728C7486F00DEC3FB /* AtheletesUITests.xctest */;
			productType = "com.apple.product-type.bundle.ui-testing";
		};
/* End PBXNativeTarget section */

/* Begin PBXProject section */
		8151D2C528C7486A00DEC3FB /* Project object */ = {
			isa = PBXProject;
			attributes = {
				BuildIndependentTargetsInParallel = 1;
				LastSwiftUpdateCheck = 1340;
				LastUpgradeCheck = 1340;
				TargetAttributes = {
					8151D2CC28C7486A00DEC3FB = {
						CreatedOnToolsVersion = 13.4.1;
					};
					8151D2DC28C7486F00DEC3FB = {
						CreatedOnToolsVersion = 13.4.1;
						TestTargetID = 8151D2CC28C7486A00DEC3FB;
					};
					8151D2E628C7486F00DEC3FB = {
						CreatedOnToolsVersion = 13.4.1;
						TestTargetID = 8151D2CC28C7486A00DEC3FB;
					};
				};
			};
			buildConfigurationList = 8151D2C828C7486A00DEC3FB /* Build configuration list for PBXProject "Atheletes" */;
			compatibilityVersion = "Xcode 13.0";
			developmentRegion = en;
			hasScannedForEncodings = 0;
			knownRegions = (
				en,
				Base,
			);
			mainGroup = 8151D2C428C7486A00DEC3FB;
			packageReferences = (
				8151D32428C928CB00DEC3FB /* XCRemoteSwiftPackageReference "SwiftKeychainWrapper" */,
			);
			productRefGroup = 8151D2CE28C7486A00DEC3FB /* Products */;
			projectDirPath = "";
			projectRoot = "";
			targets = (
				8151D2CC28C7486A00DEC3FB /* Atheletes */,
				8151D2DC28C7486F00DEC3FB /* AtheletesTests */,
				8151D2E628C7486F00DEC3FB /* AtheletesUITests */,
			);
		};
/* End PBXProject section */

/* Begin PBXResourcesBuildPhase section */
		8151D2CB28C7486A00DEC3FB /* Resources */ = {
			isa = PBXResourcesBuildPhase;
			buildActionMask = 2147483647;
			files = (
				8151D2D828C7486F00DEC3FB /* Preview Assets.xcassets in Resources */,
				8151D2D528C7486F00DEC3FB /* Assets.xcassets in Resources */,
			);
			runOnlyForDeploymentPostprocessing = 0;
		};
		8151D2DB28C7486F00DEC3FB /* Resources */ = {
			isa = PBXResourcesBuildPhase;
			buildActionMask = 2147483647;
			files = (
			);
			runOnlyForDeploymentPostprocessing = 0;
		};
		8151D2E528C7486F00DEC3FB /* Resources */ = {
			isa = PBXResourcesBuildPhase;
			buildActionMask = 2147483647;
			files = (
			);
			runOnlyForDeploymentPostprocessing = 0;
		};
/* End PBXResourcesBuildPhase section */

/* Begin PBXSourcesBuildPhase section */
		8151D2C928C7486A00DEC3FB /* Sources */ = {
			isa = PBXSourcesBuildPhase;
			buildActionMask = 2147483647;
			files = (
				8151D30E28C90E5700DEC3FB /* NetworkService.swift in Sources */,
				8151D2FD28C7574900DEC3FB /* LoginViewModel.swift in Sources */,
				8151D30328C7FAF200DEC3FB /* UserNameField.swift in Sources */,
				8151D30628C7FDE100DEC3FB /* AthletesView.swift in Sources */,
				8151D32128C9246F00DEC3FB /* AthleteDetail.swift in Sources */,
				8151D31028C90EBD00DEC3FB /* Request.swift in Sources */,
				81A5A78028C94B34003EC692 /* AppColor.swift in Sources */,
				8151D32A28C92A7900DEC3FB /* AuthenticationService.swift in Sources */,
				8151D32C28C9303800DEC3FB /* ViewModelFactory.swift in Sources */,
				8151D31D28C9222C00DEC3FB /* User.swift in Sources */,
				8151D32328C9278600DEC3FB /* SessionStorage.swift in Sources */,
				8151D31728C9202B00DEC3FB /* URL+Extension.swift in Sources */,
				81A5A77E28C93ED0003EC692 /* LoginButton.swift in Sources */,
				8151D2FB28C752E000DEC3FB /* LoginView.swift in Sources */,
				8151D32828C929E600DEC3FB /* AppState.swift in Sources */,
				8151D31F28C922B200DEC3FB /* Requests.swift in Sources */,
				8151D2D328C7486A00DEC3FB /* ContentView.swift in Sources */,
				8151D31228C911D900DEC3FB /* HTTPMethod.swift in Sources */,
				8151D31428C9178800DEC3FB /* RequestError.swift in Sources */,
				8151D31928C9207E00DEC3FB /* APIConstants.swift in Sources */,
				8151D2FF28C7592900DEC3FB /* PasswordField.swift in Sources */,
				8151D30C28C8FD2F00DEC3FB /* AtheleteCardView.swift in Sources */,
				8151D2D128C7486A00DEC3FB /* AtheletesApp.swift in Sources */,
			);
			runOnlyForDeploymentPostprocessing = 0;
		};
		8151D2D928C7486F00DEC3FB /* Sources */ = {
			isa = PBXSourcesBuildPhase;
			buildActionMask = 2147483647;
			files = (
				8151D2E228C7486F00DEC3FB /* AtheletesTests.swift in Sources */,
			);
			runOnlyForDeploymentPostprocessing = 0;
		};
		8151D2E328C7486F00DEC3FB /* Sources */ = {
			isa = PBXSourcesBuildPhase;
			buildActionMask = 2147483647;
			files = (
				8151D2EE28C7486F00DEC3FB /* AtheletesUITestsLaunchTests.swift in Sources */,
				8151D2EC28C7486F00DEC3FB /* AtheletesUITests.swift in Sources */,
			);
			runOnlyForDeploymentPostprocessing = 0;
		};
/* End PBXSourcesBuildPhase section */

/* Begin PBXTargetDependency section */
		8151D2DF28C7486F00DEC3FB /* PBXTargetDependency */ = {
			isa = PBXTargetDependency;
			target = 8151D2CC28C7486A00DEC3FB /* Atheletes */;
			targetProxy = 8151D2DE28C7486F00DEC3FB /* PBXContainerItemProxy */;
		};
		8151D2E928C7486F00DEC3FB /* PBXTargetDependency */ = {
			isa = PBXTargetDependency;
			target = 8151D2CC28C7486A00DEC3FB /* Atheletes */;
			targetProxy = 8151D2E828C7486F00DEC3FB /* PBXContainerItemProxy */;
		};
/* End PBXTargetDependency section */

/* Begin XCBuildConfiguration section */
		8151D2EF28C7486F00DEC3FB /* Debug */ = {
			isa = XCBuildConfiguration;
			buildSettings = {
				ALWAYS_SEARCH_USER_PATHS = NO;
				CLANG_ANALYZER_NONNULL = YES;
				CLANG_ANALYZER_NUMBER_OBJECT_CONVERSION = YES_AGGRESSIVE;
				CLANG_CXX_LANGUAGE_STANDARD = "gnu++17";
				CLANG_ENABLE_MODULES = YES;
				CLANG_ENABLE_OBJC_ARC = YES;
				CLANG_ENABLE_OBJC_WEAK = YES;
				CLANG_WARN_BLOCK_CAPTURE_AUTORELEASING = YES;
				CLANG_WARN_BOOL_CONVERSION = YES;
				CLANG_WARN_COMMA = YES;
				CLANG_WARN_CONSTANT_CONVERSION = YES;
				CLANG_WARN_DEPRECATED_OBJC_IMPLEMENTATIONS = YES;
				CLANG_WARN_DIRECT_OBJC_ISA_USAGE = YES_ERROR;
				CLANG_WARN_DOCUMENTATION_COMMENTS = YES;
				CLANG_WARN_EMPTY_BODY = YES;
				CLANG_WARN_ENUM_CONVERSION = YES;
				CLANG_WARN_INFINITE_RECURSION = YES;
				CLANG_WARN_INT_CONVERSION = YES;
				CLANG_WARN_NON_LITERAL_NULL_CONVERSION = YES;
				CLANG_WARN_OBJC_IMPLICIT_RETAIN_SELF = YES;
				CLANG_WARN_OBJC_LITERAL_CONVERSION = YES;
				CLANG_WARN_OBJC_ROOT_CLASS = YES_ERROR;
				CLANG_WARN_QUOTED_INCLUDE_IN_FRAMEWORK_HEADER = YES;
				CLANG_WARN_RANGE_LOOP_ANALYSIS = YES;
				CLANG_WARN_STRICT_PROTOTYPES = YES;
				CLANG_WARN_SUSPICIOUS_MOVE = YES;
				CLANG_WARN_UNGUARDED_AVAILABILITY = YES_AGGRESSIVE;
				CLANG_WARN_UNREACHABLE_CODE = YES;
				CLANG_WARN__DUPLICATE_METHOD_MATCH = YES;
				COPY_PHASE_STRIP = NO;
				DEBUG_INFORMATION_FORMAT = dwarf;
				ENABLE_STRICT_OBJC_MSGSEND = YES;
				ENABLE_TESTABILITY = YES;
				GCC_C_LANGUAGE_STANDARD = gnu11;
				GCC_DYNAMIC_NO_PIC = NO;
				GCC_NO_COMMON_BLOCKS = YES;
				GCC_OPTIMIZATION_LEVEL = 0;
				GCC_PREPROCESSOR_DEFINITIONS = (
					"DEBUG=1",
					"$(inherited)",
				);
				GCC_WARN_64_TO_32_BIT_CONVERSION = YES;
				GCC_WARN_ABOUT_RETURN_TYPE = YES_ERROR;
				GCC_WARN_UNDECLARED_SELECTOR = YES;
				GCC_WARN_UNINITIALIZED_AUTOS = YES_AGGRESSIVE;
				GCC_WARN_UNUSED_FUNCTION = YES;
				GCC_WARN_UNUSED_VARIABLE = YES;
				IPHONEOS_DEPLOYMENT_TARGET = 15.5;
				MTL_ENABLE_DEBUG_INFO = INCLUDE_SOURCE;
				MTL_FAST_MATH = YES;
				ONLY_ACTIVE_ARCH = YES;
				SDKROOT = iphoneos;
				SWIFT_ACTIVE_COMPILATION_CONDITIONS = DEBUG;
				SWIFT_OPTIMIZATION_LEVEL = "-Onone";
			};
			name = Debug;
		};
		8151D2F028C7486F00DEC3FB /* Release */ = {
			isa = XCBuildConfiguration;
			buildSettings = {
				ALWAYS_SEARCH_USER_PATHS = NO;
				CLANG_ANALYZER_NONNULL = YES;
				CLANG_ANALYZER_NUMBER_OBJECT_CONVERSION = YES_AGGRESSIVE;
				CLANG_CXX_LANGUAGE_STANDARD = "gnu++17";
				CLANG_ENABLE_MODULES = YES;
				CLANG_ENABLE_OBJC_ARC = YES;
				CLANG_ENABLE_OBJC_WEAK = YES;
				CLANG_WARN_BLOCK_CAPTURE_AUTORELEASING = YES;
				CLANG_WARN_BOOL_CONVERSION = YES;
				CLANG_WARN_COMMA = YES;
				CLANG_WARN_CONSTANT_CONVERSION = YES;
				CLANG_WARN_DEPRECATED_OBJC_IMPLEMENTATIONS = YES;
				CLANG_WARN_DIRECT_OBJC_ISA_USAGE = YES_ERROR;
				CLANG_WARN_DOCUMENTATION_COMMENTS = YES;
				CLANG_WARN_EMPTY_BODY = YES;
				CLANG_WARN_ENUM_CONVERSION = YES;
				CLANG_WARN_INFINITE_RECURSION = YES;
				CLANG_WARN_INT_CONVERSION = YES;
				CLANG_WARN_NON_LITERAL_NULL_CONVERSION = YES;
				CLANG_WARN_OBJC_IMPLICIT_RETAIN_SELF = YES;
				CLANG_WARN_OBJC_LITERAL_CONVERSION = YES;
				CLANG_WARN_OBJC_ROOT_CLASS = YES_ERROR;
				CLANG_WARN_QUOTED_INCLUDE_IN_FRAMEWORK_HEADER = YES;
				CLANG_WARN_RANGE_LOOP_ANALYSIS = YES;
				CLANG_WARN_STRICT_PROTOTYPES = YES;
				CLANG_WARN_SUSPICIOUS_MOVE = YES;
				CLANG_WARN_UNGUARDED_AVAILABILITY = YES_AGGRESSIVE;
				CLANG_WARN_UNREACHABLE_CODE = YES;
				CLANG_WARN__DUPLICATE_METHOD_MATCH = YES;
				COPY_PHASE_STRIP = NO;
				DEBUG_INFORMATION_FORMAT = "dwarf-with-dsym";
				ENABLE_NS_ASSERTIONS = NO;
				ENABLE_STRICT_OBJC_MSGSEND = YES;
				GCC_C_LANGUAGE_STANDARD = gnu11;
				GCC_NO_COMMON_BLOCKS = YES;
				GCC_WARN_64_TO_32_BIT_CONVERSION = YES;
				GCC_WARN_ABOUT_RETURN_TYPE = YES_ERROR;
				GCC_WARN_UNDECLARED_SELECTOR = YES;
				GCC_WARN_UNINITIALIZED_AUTOS = YES_AGGRESSIVE;
				GCC_WARN_UNUSED_FUNCTION = YES;
				GCC_WARN_UNUSED_VARIABLE = YES;
				IPHONEOS_DEPLOYMENT_TARGET = 15.5;
				MTL_ENABLE_DEBUG_INFO = NO;
				MTL_FAST_MATH = YES;
				SDKROOT = iphoneos;
				SWIFT_COMPILATION_MODE = wholemodule;
				SWIFT_OPTIMIZATION_LEVEL = "-O";
				VALIDATE_PRODUCT = YES;
			};
			name = Release;
		};
		8151D2F228C7486F00DEC3FB /* Debug */ = {
			isa = XCBuildConfiguration;
			buildSettings = {
				ASSETCATALOG_COMPILER_APPICON_NAME = AppIcon;
				ASSETCATALOG_COMPILER_GLOBAL_ACCENT_COLOR_NAME = AccentColor;
				CODE_SIGN_STYLE = Automatic;
				CURRENT_PROJECT_VERSION = 1;
				DEVELOPMENT_ASSET_PATHS = "\"Atheletes/Preview Content\"";
				DEVELOPMENT_TEAM = 5ZG2R83SFM;
				ENABLE_PREVIEWS = YES;
				GENERATE_INFOPLIST_FILE = YES;
				INFOPLIST_KEY_UIApplicationSceneManifest_Generation = YES;
				INFOPLIST_KEY_UIApplicationSupportsIndirectInputEvents = YES;
				INFOPLIST_KEY_UILaunchScreen_Generation = YES;
				INFOPLIST_KEY_UISupportedInterfaceOrientations_iPad = "UIInterfaceOrientationPortrait UIInterfaceOrientationPortraitUpsideDown UIInterfaceOrientationLandscapeLeft UIInterfaceOrientationLandscapeRight";
				INFOPLIST_KEY_UISupportedInterfaceOrientations_iPhone = "UIInterfaceOrientationPortrait UIInterfaceOrientationLandscapeLeft UIInterfaceOrientationLandscapeRight";
				LD_RUNPATH_SEARCH_PATHS = (
					"$(inherited)",
					"@executable_path/Frameworks",
				);
				MARKETING_VERSION = 1.0;
				PRODUCT_BUNDLE_IDENTIFIER = norman.Atheletes;
				PRODUCT_NAME = "$(TARGET_NAME)";
				SWIFT_EMIT_LOC_STRINGS = YES;
				SWIFT_VERSION = 5.0;
				TARGETED_DEVICE_FAMILY = "1,2";
			};
			name = Debug;
		};
		8151D2F328C7486F00DEC3FB /* Release */ = {
			isa = XCBuildConfiguration;
			buildSettings = {
				ASSETCATALOG_COMPILER_APPICON_NAME = AppIcon;
				ASSETCATALOG_COMPILER_GLOBAL_ACCENT_COLOR_NAME = AccentColor;
				CODE_SIGN_STYLE = Automatic;
				CURRENT_PROJECT_VERSION = 1;
				DEVELOPMENT_ASSET_PATHS = "\"Atheletes/Preview Content\"";
				DEVELOPMENT_TEAM = 5ZG2R83SFM;
				ENABLE_PREVIEWS = YES;
				GENERATE_INFOPLIST_FILE = YES;
				INFOPLIST_KEY_UIApplicationSceneManifest_Generation = YES;
				INFOPLIST_KEY_UIApplicationSupportsIndirectInputEvents = YES;
				INFOPLIST_KEY_UILaunchScreen_Generation = YES;
				INFOPLIST_KEY_UISupportedInterfaceOrientations_iPad = "UIInterfaceOrientationPortrait UIInterfaceOrientationPortraitUpsideDown UIInterfaceOrientationLandscapeLeft UIInterfaceOrientationLandscapeRight";
				INFOPLIST_KEY_UISupportedInterfaceOrientations_iPhone = "UIInterfaceOrientationPortrait UIInterfaceOrientationLandscapeLeft UIInterfaceOrientationLandscapeRight";
				LD_RUNPATH_SEARCH_PATHS = (
					"$(inherited)",
					"@executable_path/Frameworks",
				);
				MARKETING_VERSION = 1.0;
				PRODUCT_BUNDLE_IDENTIFIER = norman.Atheletes;
				PRODUCT_NAME = "$(TARGET_NAME)";
				SWIFT_EMIT_LOC_STRINGS = YES;
				SWIFT_VERSION = 5.0;
				TARGETED_DEVICE_FAMILY = "1,2";
			};
			name = Release;
		};
		8151D2F528C7486F00DEC3FB /* Debug */ = {
			isa = XCBuildConfiguration;
			buildSettings = {
				ALWAYS_EMBED_SWIFT_STANDARD_LIBRARIES = YES;
				BUNDLE_LOADER = "$(TEST_HOST)";
				CODE_SIGN_STYLE = Automatic;
				CURRENT_PROJECT_VERSION = 1;
				DEVELOPMENT_TEAM = 5ZG2R83SFM;
				GENERATE_INFOPLIST_FILE = YES;
				IPHONEOS_DEPLOYMENT_TARGET = 15.5;
				MARKETING_VERSION = 1.0;
				PRODUCT_BUNDLE_IDENTIFIER = norman.AtheletesTests;
				PRODUCT_NAME = "$(TARGET_NAME)";
				SWIFT_EMIT_LOC_STRINGS = NO;
				SWIFT_VERSION = 5.0;
				TARGETED_DEVICE_FAMILY = "1,2";
				TEST_HOST = "$(BUILT_PRODUCTS_DIR)/Atheletes.app/Atheletes";
			};
			name = Debug;
		};
		8151D2F628C7486F00DEC3FB /* Release */ = {
			isa = XCBuildConfiguration;
			buildSettings = {
				ALWAYS_EMBED_SWIFT_STANDARD_LIBRARIES = YES;
				BUNDLE_LOADER = "$(TEST_HOST)";
				CODE_SIGN_STYLE = Automatic;
				CURRENT_PROJECT_VERSION = 1;
				DEVELOPMENT_TEAM = 5ZG2R83SFM;
				GENERATE_INFOPLIST_FILE = YES;
				IPHONEOS_DEPLOYMENT_TARGET = 15.5;
				MARKETING_VERSION = 1.0;
				PRODUCT_BUNDLE_IDENTIFIER = norman.AtheletesTests;
				PRODUCT_NAME = "$(TARGET_NAME)";
				SWIFT_EMIT_LOC_STRINGS = NO;
				SWIFT_VERSION = 5.0;
				TARGETED_DEVICE_FAMILY = "1,2";
				TEST_HOST = "$(BUILT_PRODUCTS_DIR)/Atheletes.app/Atheletes";
			};
			name = Release;
		};
		8151D2F828C7486F00DEC3FB /* Debug */ = {
			isa = XCBuildConfiguration;
			buildSettings = {
				ALWAYS_EMBED_SWIFT_STANDARD_LIBRARIES = YES;
				CODE_SIGN_STYLE = Automatic;
				CURRENT_PROJECT_VERSION = 1;
				DEVELOPMENT_TEAM = 5ZG2R83SFM;
				GENERATE_INFOPLIST_FILE = YES;
				MARKETING_VERSION = 1.0;
				PRODUCT_BUNDLE_IDENTIFIER = norman.AtheletesUITests;
				PRODUCT_NAME = "$(TARGET_NAME)";
				SWIFT_EMIT_LOC_STRINGS = NO;
				SWIFT_VERSION = 5.0;
				TARGETED_DEVICE_FAMILY = "1,2";
				TEST_TARGET_NAME = Atheletes;
			};
			name = Debug;
		};
		8151D2F928C7486F00DEC3FB /* Release */ = {
			isa = XCBuildConfiguration;
			buildSettings = {
				ALWAYS_EMBED_SWIFT_STANDARD_LIBRARIES = YES;
				CODE_SIGN_STYLE = Automatic;
				CURRENT_PROJECT_VERSION = 1;
				DEVELOPMENT_TEAM = 5ZG2R83SFM;
				GENERATE_INFOPLIST_FILE = YES;
				MARKETING_VERSION = 1.0;
				PRODUCT_BUNDLE_IDENTIFIER = norman.AtheletesUITests;
				PRODUCT_NAME = "$(TARGET_NAME)";
				SWIFT_EMIT_LOC_STRINGS = NO;
				SWIFT_VERSION = 5.0;
				TARGETED_DEVICE_FAMILY = "1,2";
				TEST_TARGET_NAME = Atheletes;
			};
			name = Release;
		};
/* End XCBuildConfiguration section */

/* Begin XCConfigurationList section */
		8151D2C828C7486A00DEC3FB /* Build configuration list for PBXProject "Atheletes" */ = {
			isa = XCConfigurationList;
			buildConfigurations = (
				8151D2EF28C7486F00DEC3FB /* Debug */,
				8151D2F028C7486F00DEC3FB /* Release */,
			);
			defaultConfigurationIsVisible = 0;
			defaultConfigurationName = Release;
		};
		8151D2F128C7486F00DEC3FB /* Build configuration list for PBXNativeTarget "Atheletes" */ = {
			isa = XCConfigurationList;
			buildConfigurations = (
				8151D2F228C7486F00DEC3FB /* Debug */,
				8151D2F328C7486F00DEC3FB /* Release */,
			);
			defaultConfigurationIsVisible = 0;
			defaultConfigurationName = Release;
		};
		8151D2F428C7486F00DEC3FB /* Build configuration list for PBXNativeTarget "AtheletesTests" */ = {
			isa = XCConfigurationList;
			buildConfigurations = (
				8151D2F528C7486F00DEC3FB /* Debug */,
				8151D2F628C7486F00DEC3FB /* Release */,
			);
			defaultConfigurationIsVisible = 0;
			defaultConfigurationName = Release;
		};
		8151D2F728C7486F00DEC3FB /* Build configuration list for PBXNativeTarget "AtheletesUITests" */ = {
			isa = XCConfigurationList;
			buildConfigurations = (
				8151D2F828C7486F00DEC3FB /* Debug */,
				8151D2F928C7486F00DEC3FB /* Release */,
			);
			defaultConfigurationIsVisible = 0;
			defaultConfigurationName = Release;
		};
/* End XCConfigurationList section */

/* Begin XCRemoteSwiftPackageReference section */
		8151D32428C928CB00DEC3FB /* XCRemoteSwiftPackageReference "SwiftKeychainWrapper" */ = {
			isa = XCRemoteSwiftPackageReference;
			repositoryURL = "https://github.com/jrendel/SwiftKeychainWrapper";
			requirement = {
				kind = upToNextMajorVersion;
				minimumVersion = 4.0.0;
			};
		};
/* End XCRemoteSwiftPackageReference section */

/* Begin XCSwiftPackageProductDependency section */
		8151D32528C928CB00DEC3FB /* SwiftKeychainWrapper */ = {
			isa = XCSwiftPackageProductDependency;
			package = 8151D32428C928CB00DEC3FB /* XCRemoteSwiftPackageReference "SwiftKeychainWrapper" */;
			productName = SwiftKeychainWrapper;
		};
/* End XCSwiftPackageProductDependency section */
	};
	rootObject = 8151D2C528C7486A00DEC3FB /* Project object */;
}
